
Microsoft Visual Studio Solution File, Format Version 12.00
# Visual Studio Version 17
VisualStudioVersion = 17.3.32929.385
MinimumVisualStudioVersion = 10.0.40219.1
Project("{FAE04EC0-301F-11D3-BF4B-00C04F79EFBC}") = "CSharp", "CSharp.csproj", "{3C567B9C-28AE-4F27-BFBA-44D583E05246}"
EndProject
Global
	GlobalSection(SolutionConfigurationPlatforms) = preSolution
		Debug|Any CPU = Debug|Any CPU
		Release|Any CPU = Release|Any CPU
	EndGlobalSection
	GlobalSection(ProjectConfigurationPlatforms) = postSolution
		{3C567B9C-28AE-4F27-BFBA-44D583E05246}.Debug|Any CPU.ActiveCfg = Debug|Any CPU
		{3C567B9C-28AE-4F27-BFBA-44D583E05246}.Debug|Any CPU.Build.0 = Debug|Any CPU
		{3C567B9C-28AE-4F27-BFBA-44D583E05246}.Release|Any CPU.ActiveCfg = Release|Any CPU
		{3C567B9C-28AE-4F27-BFBA-44D583E05246}.Release|Any CPU.Build.0 = Release|Any CPU
	EndGlobalSection
	GlobalSection(SolutionProperties) = preSolution
		HideSolutionNode = FALSE
	EndGlobalSection
	GlobalSection(ExtensibilityGlobals) = postSolution
		SolutionGuid = {0C9BA1B3-F893-4DBE-BAE6-7B31FFB99216}
	EndGlobalSection
EndGlobal
